
Microsoft Visual Studio Solution File, Format Version 12.00
# Visual Studio Version 17
VisualStudioVersion = 17.8.34330.188
MinimumVisualStudioVersion = 10.0.40219.1
Project("{FAE04EC0-301F-11D3-BF4B-00C04F79EFBC}") = "RSA", "RSA\RSA.csproj", "{9A1C9D18-799A-4DB2-94B7-3ACD79986375}"
EndProject
Global
	GlobalSection(SolutionConfigurationPlatforms) = preSolution
		Debug|Any CPU = Debug|Any CPU
		Release|Any CPU = Release|Any CPU
	EndGlobalSection
	GlobalSection(ProjectConfigurationPlatforms) = postSolution
		{9A1C9D18-799A-4DB2-94B7-3ACD79986375}.Debug|Any CPU.ActiveCfg = Debug|Any CPU
		{9A1C9D18-799A-4DB2-94B7-3ACD79986375}.Debug|Any CPU.Build.0 = Debug|Any CPU
		{9A1C9D18-799A-4DB2-94B7-3ACD79986375}.Release|Any CPU.ActiveCfg = Release|Any CPU
		{9A1C9D18-799A-4DB2-94B7-3ACD79986375}.Release|Any CPU.Build.0 = Release|Any CPU
	EndGlobalSection
	GlobalSection(SolutionProperties) = preSolution
		HideSolutionNode = FALSE
	EndGlobalSection
	GlobalSection(ExtensibilityGlobals) = postSolution
		SolutionGuid = {5AE9B8A8-CDFF-4A34-9352-0934A3C81B7E}
	EndGlobalSection
EndGlobal
